// !$*UTF8*$!
{
	archiveVersion = 1;
	classes = {
	};
	objectVersion = 50;
	objects = {

/* Begin PBXBuildFile section */
		13C95013231D650700EF17C8 /* AppDelegate.swift in Sources */ = {isa = PBXBuildFile; fileRef = 13C95012231D650700EF17C8 /* AppDelegate.swift */; };
		13C95015231D650700EF17C8 /* ViewController.swift in Sources */ = {isa = PBXBuildFile; fileRef = 13C95014231D650700EF17C8 /* ViewController.swift */; };
		13C95018231D650800EF17C8 /* Main.storyboard in Resources */ = {isa = PBXBuildFile; fileRef = 13C95016231D650800EF17C8 /* Main.storyboard */; };
		13C9501A231D650B00EF17C8 /* Assets.xcassets in Resources */ = {isa = PBXBuildFile; fileRef = 13C95019231D650B00EF17C8 /* Assets.xcassets */; };
		13C9501D231D650B00EF17C8 /* LaunchScreen.storyboard in Resources */ = {isa = PBXBuildFile; fileRef = 13C9501B231D650B00EF17C8 /* LaunchScreen.storyboard */; };
		13C95026231D685800EF17C8 /* EventKit.framework in Frameworks */ = {isa = PBXBuildFile; fileRef = 13C95025231D685800EF17C8 /* EventKit.framework */; };
/* End PBXBuildFile section */

/* Begin PBXFileReference section */
		13C9500F231D650700EF17C8 /* iOSAddEventExample.app */ = {isa = PBXFileReference; explicitFileType = wrapper.application; includeInIndex = 0; path = iOSAddEventExample.app; sourceTree = BUILT_PRODUCTS_DIR; };
		13C95012231D650700EF17C8 /* AppDelegate.swift */ = {isa = PBXFileReference; lastKnownFileType = sourcecode.swift; path = AppDelegate.swift; sourceTree = "<group>"; };
		13C95014231D650700EF17C8 /* ViewController.swift */ = {isa = PBXFileReference; lastKnownFileType = sourcecode.swift; path = ViewController.swift; sourceTree = "<group>"; };
		13C95017231D650800EF17C8 /* Base */ = {isa = PBXFileReference; lastKnownFileType = file.storyboard; name = Base; path = Base.lproj/Main.storyboard; sourceTree = "<group>"; };
		13C95019231D650B00EF17C8 /* Assets.xcassets */ = {isa = PBXFileReference; lastKnownFileType = folder.assetcatalog; path = Assets.xcassets; sourceTree = "<group>"; };
		13C9501C231D650B00EF17C8 /* Base */ = {isa = PBXFileReference; lastKnownFileType = file.storyboard; name = Base; path = Base.lproj/LaunchScreen.storyboard; sourceTree = "<group>"; };
		13C9501E231D650B00EF17C8 /* Info.plist */ = {isa = PBXFileReference; lastKnownFileType = text.plist.xml; path = Info.plist; sourceTree = "<group>"; };
		13C95025231D685800EF17C8 /* EventKit.framework */ = {isa = PBXFileReference; lastKnownFileType = wrapper.framework; name = EventKit.framework; path = System/Library/Frameworks/EventKit.framework; sourceTree = SDKROOT; };
/* End PBXFileReference section */

/* Begin PBXFrameworksBuildPhase section */
		13C9500C231D650700EF17C8 /* Frameworks */ = {
			isa = PBXFrameworksBuildPhase;
			buildActionMask = 2147483647;
			files = (
				13C95026231D685800EF17C8 /* EventKit.framework in Frameworks */,
			);
			runOnlyForDeploymentPostprocessing = 0;
		};
/* End PBXFrameworksBuildPhase section */

/* Begin PBXGroup section */
		13C95006231D650700EF17C8 = {
			isa = PBXGroup;
			children = (
				13C95011231D650700EF17C8 /* iOSAddEventExample */,
				13C95010231D650700EF17C8 /* Products */,
				13C95024231D685800EF17C8 /* Frameworks */,
			);
			sourceTree = "<group>";
		};
		13C95010231D650700EF17C8 /* Products */ = {
			isa = PBXGroup;
			children = (
				13C9500F231D650700EF17C8 /* iOSAddEventExample.app */,
			);
			name = Products;
			sourceTree = "<group>";
		};
		13C95011231D650700EF17C8 /* iOSAddEventExample */ = {
			isa = PBXGroup;
			children = (
				13C95012231D650700EF17C8 /* AppDelegate.swift */,
				13C95014231D650700EF17C8 /* ViewController.swift */,
				13C95016231D650800EF17C8 /* Main.storyboard */,
				13C95019231D650B00EF17C8 /* Assets.xcassets */,
				13C9501B231D650B00EF17C8 /* LaunchScreen.storyboard */,
				13C9501E231D650B00EF17C8 /* Info.plist */,
			);
			path = iOSAddEventExample;
			sourceTree = "<group>";
		};
		13C95024231D685800EF17C8 /* Frameworks */ = {
			isa = PBXGroup;
			children = (
				13C95025231D685800EF17C8 /* EventKit.framework */,
			);
			name = Frameworks;
			sourceTree = "<group>";
		};
/* End PBXGroup section */

/* Begin PBXNativeTarget section */
		13C9500E231D650700EF17C8 /* iOSAddEventExample */ = {
			isa = PBXNativeTarget;
			buildConfigurationList = 13C95021231D650B00EF17C8 /* Build configuration list for PBXNativeTarget "iOSAddEventExample" */;
			buildPhases = (
				13C9500B231D650700EF17C8 /* Sources */,
				13C9500C231D650700EF17C8 /* Frameworks */,
				13C9500D231D650700EF17C8 /* Resources */,
			);
			buildRules = (
			);
			dependencies = (
			);
			name = iOSAddEventExample;
			productName = iOSAddEventExample;
			productReference = 13C9500F231D650700EF17C8 /* iOSAddEventExample.app */;
			productType = "com.apple.product-type.application";
		};
/* End PBXNativeTarget section */

/* Begin PBXProject section */
		13C95007231D650700EF17C8 /* Project object */ = {
			isa = PBXProject;
			attributes = {
				LastSwiftUpdateCheck = 1000;
				LastUpgradeCheck = 1000;
				ORGANIZATIONNAME = "Narendra Jagne";
				TargetAttributes = {
					13C9500E231D650700EF17C8 = {
						CreatedOnToolsVersion = 10.0;
					};
				};
			};
			buildConfigurationList = 13C9500A231D650700EF17C8 /* Build configuration list for PBXProject "iOSAddEventExample" */;
			compatibilityVersion = "Xcode 9.3";
			developmentRegion = en;
			hasScannedForEncodings = 0;
			knownRegions = (
				en,
				Base,
			);
			mainGroup = 13C95006231D650700EF17C8;
			productRefGroup = 13C95010231D650700EF17C8 /* Products */;
			projectDirPath = "";
			projectRoot = "";
			targets = (
				13C9500E231D650700EF17C8 /* iOSAddEventExample */,
			);
		};
/* End PBXProject section */

/* Begin PBXResourcesBuildPhase section */
		13C9500D231D650700EF17C8 /* Resources */ = {
			isa = PBXResourcesBuildPhase;
			buildActionMask = 2147483647;
			files = (
				13C9501D231D650B00EF17C8 /* LaunchScreen.storyboard in Resources */,
				13C9501A231D650B00EF17C8 /* Assets.xcassets in Resources */,
				13C95018231D650800EF17C8 /* Main.storyboard in Resources */,
			);
			runOnlyForDeploymentPostprocessing = 0;
		};
/* End PBXResourcesBuildPhase section */

/* Begin PBXSourcesBuildPhase section */
		13C9500B231D650700EF17C8 /* Sources */ = {
			isa = PBXSourcesBuildPhase;
			buildActionMask = 2147483647;
			files = (
				13C95015231D650700EF17C8 /* ViewController.swift in Sources */,
				13C95013231D650700EF17C8 /* AppDelegate.swift in Sources */,
			);
			runOnlyForDeploymentPostprocessing = 0;
		};
/* End PBXSourcesBuildPhase section */

/* Begin PBXVariantGroup section */
		13C95016231D650800EF17C8 /* Main.storyboard */ = {
			isa = PBXVariantGroup;
			children = (
				13C95017231D650800EF17C8 /* Base */,
			);
			name = Main.storyboard;
			sourceTree = "<group>";
		};
		13C9501B231D650B00EF17C8 /* LaunchScreen.storyboard */ = {
			isa = PBXVariantGroup;
			children = (
				13C9501C231D650B00EF17C8 /* Base */,
			);
			name = LaunchScreen.storyboard;
			sourceTree = "<group>";
		};
/* End PBXVariantGroup section */

/* Begin XCBuildConfiguration section */
		13C9501F231D650B00EF17C8 /* Debug */ = {
			isa = XCBuildConfiguration;
			buildSettings = {
				ALWAYS_SEARCH_USER_PATHS = NO;
				CLANG_ANALYZER_NONNULL = YES;
				CLANG_ANALYZER_NUMBER_OBJECT_CONVERSION = YES_AGGRESSIVE;
				CLANG_CXX_LANGUAGE_STANDARD = "gnu++14";
				CLANG_CXX_LIBRARY = "libc++";
				CLANG_ENABLE_MODULES = YES;
				CLANG_ENABLE_OBJC_ARC = YES;
				CLANG_ENABLE_OBJC_WEAK = YES;
				CLANG_WARN_BLOCK_CAPTURE_AUTORELEASING = YES;
				CLANG_WARN_BOOL_CONVERSION = YES;
				CLANG_WARN_COMMA = YES;
				CLANG_WARN_CONSTANT_CONVERSION = YES;
				CLANG_WARN_DEPRECATED_OBJC_IMPLEMENTATIONS = YES;
				CLANG_WARN_DIRECT_OBJC_ISA_USAGE = YES_ERROR;
				CLANG_WARN_DOCUMENTATION_COMMENTS = YES;
				CLANG_WARN_EMPTY_BODY = YES;
				CLANG_WARN_ENUM_CONVERSION = YES;
				CLANG_WARN_INFINITE_RECURSION = YES;
				CLANG_WARN_INT_CONVERSION = YES;
				CLANG_WARN_NON_LITERAL_NULL_CONVERSION = YES;
				CLANG_WARN_OBJC_IMPLICIT_RETAIN_SELF = YES;
				CLANG_WARN_OBJC_LITERAL_CONVERSION = YES;
				CLANG_WARN_OBJC_ROOT_CLASS = YES_ERROR;
				CLANG_WARN_RANGE_LOOP_ANALYSIS = YES;
				CLANG_WARN_STRICT_PROTOTYPES = YES;
				CLANG_WARN_SUSPICIOUS_MOVE = YES;
				CLANG_WARN_UNGUARDED_AVAILABILITY = YES_AGGRESSIVE;
				CLANG_WARN_UNREACHABLE_CODE = YES;
				CLANG_WARN__DUPLICATE_METHOD_MATCH = YES;
				CODE_SIGN_IDENTITY = "iPhone Developer";
				COPY_PHASE_STRIP = NO;
				DEBUG_INFORMATION_FORMAT = dwarf;
				ENABLE_STRICT_OBJC_MSGSEND = YES;
				ENABLE_TESTABILITY = YES;
				GCC_C_LANGUAGE_STANDARD = gnu11;
				GCC_DYNAMIC_NO_PIC = NO;
				GCC_NO_COMMON_BLOCKS = YES;
				GCC_OPTIMIZATION_LEVEL = 0;
				GCC_PREPROCESSOR_DEFINITIONS = (
					"DEBUG=1",
					"$(inherited)",
				);
				GCC_WARN_64_TO_32_BIT_CONVERSION = YES;
				GCC_WARN_ABOUT_RETURN_TYPE = YES_ERROR;
				GCC_WARN_UNDECLARED_SELECTOR = YES;
				GCC_WARN_UNINITIALIZED_AUTOS = YES_AGGRESSIVE;
				GCC_WARN_UNUSED_FUNCTION = YES;
				GCC_WARN_UNUSED_VARIABLE = YES;
				IPHONEOS_DEPLOYMENT_TARGET = 12.0;
				MTL_ENABLE_DEBUG_INFO = INCLUDE_SOURCE;
				MTL_FAST_MATH = YES;
				ONLY_ACTIVE_ARCH = YES;
				SDKROOT = iphoneos;
				SWIFT_ACTIVE_COMPILATION_CONDITIONS = DEBUG;
				SWIFT_OPTIMIZATION_LEVEL = "-Onone";
			};
			name = Debug;
		};
		13C95020231D650B00EF17C8 /* Release */ = {
			isa = XCBuildConfiguration;
			buildSettings = {
				ALWAYS_SEARCH_USER_PATHS = NO;
				CLANG_ANALYZER_NONNULL = YES;
				CLANG_ANALYZER_NUMBER_OBJECT_CONVERSION = YES_AGGRESSIVE;
				CLANG_CXX_LANGUAGE_STANDARD = "gnu++14";
				CLANG_CXX_LIBRARY = "libc++";
				CLANG_ENABLE_MODULES = YES;
				CLANG_ENABLE_OBJC_ARC = YES;
				CLANG_ENABLE_OBJC_WEAK = YES;
				CLANG_WARN_BLOCK_CAPTURE_AUTORELEASING = YES;
				CLANG_WARN_BOOL_CONVERSION = YES;
				CLANG_WARN_COMMA = YES;
				CLANG_WARN_CONSTANT_CONVERSION = YES;
				CLANG_WARN_DEPRECATED_OBJC_IMPLEMENTATIONS = YES;
				CLANG_WARN_DIRECT_OBJC_ISA_USAGE = YES_ERROR;
				CLANG_WARN_DOCUMENTATION_COMMENTS = YES;
				CLANG_WARN_EMPTY_BODY = YES;
				CLANG_WARN_ENUM_CONVERSION = YES;
				CLANG_WARN_INFINITE_RECURSION = YES;
				CLANG_WARN_INT_CONVERSION = YES;
				CLANG_WARN_NON_LITERAL_NULL_CONVERSION = YES;
				CLANG_WARN_OBJC_IMPLICIT_RETAIN_SELF = YES;
				CLANG_WARN_OBJC_LITERAL_CONVERSION = YES;
				CLANG_WARN_OBJC_ROOT_CLASS = YES_ERROR;
				CLANG_WARN_RANGE_LOOP_ANALYSIS = YES;
				CLANG_WARN_STRICT_PROTOTYPES = YES;
				CLANG_WARN_SUSPICIOUS_MOVE = YES;
				CLANG_WARN_UNGUARDED_AVAILABILITY = YES_AGGRESSIVE;
				CLANG_WARN_UNREACHABLE_CODE = YES;
				CLANG_WARN__DUPLICATE_METHOD_MATCH = YES;
				CODE_SIGN_IDENTITY = "iPhone Developer";
				COPY_PHASE_STRIP = NO;
				DEBUG_INFORMATION_FORMAT = "dwarf-with-dsym";
				ENABLE_NS_ASSERTIONS = NO;
				ENABLE_STRICT_OBJC_MSGSEND = YES;
				GCC_C_LANGUAGE_STANDARD = gnu11;
				GCC_NO_COMMON_BLOCKS = YES;
				GCC_WARN_64_TO_32_BIT_CONVERSION = YES;
				GCC_WARN_ABOUT_RETURN_TYPE = YES_ERROR;
				GCC_WARN_UNDECLARED_SELECTOR = YES;
				GCC_WARN_UNINITIALIZED_AUTOS = YES_AGGRESSIVE;
				GCC_WARN_UNUSED_FUNCTION = YES;
				GCC_WARN_UNUSED_VARIABLE = YES;
				IPHONEOS_DEPLOYMENT_TARGET = 12.0;
				MTL_ENABLE_DEBUG_INFO = NO;
				MTL_FAST_MATH = YES;
				SDKROOT = iphoneos;
				SWIFT_COMPILATION_MODE = wholemodule;
				SWIFT_OPTIMIZATION_LEVEL = "-O";
				VALIDATE_PRODUCT = YES;
			};
			name = Release;
		};
		13C95022231D650B00EF17C8 /* Debug */ = {
			isa = XCBuildConfiguration;
			buildSettings = {
				ASSETCATALOG_COMPILER_APPICON_NAME = AppIcon;
				CODE_SIGN_IDENTITY = "iPhone Developer";
				CODE_SIGN_STYLE = Automatic;
				DEVELOPMENT_TEAM = "";
				INFOPLIST_FILE = iOSAddEventExample/Info.plist;
				LD_RUNPATH_SEARCH_PATHS = (
					"$(inherited)",
					"@executable_path/Frameworks",
				);
				PRODUCT_BUNDLE_IDENTIFIER = com.iOSAddEventExample.infotech;
				PRODUCT_NAME = "$(TARGET_NAME)";
				PROVISIONING_PROFILE_SPECIFIER = "";
				SWIFT_VERSION = 4.2;
				TARGETED_DEVICE_FAMILY = "1,2";
			};
			name = Debug;
		};
		13C95023231D650B00EF17C8 /* Release */ = {
			isa = XCBuildConfiguration;
			buildSettings = {
				ASSETCATALOG_COMPILER_APPICON_NAME = AppIcon;
				CODE_SIGN_IDENTITY = "iPhone Developer";
				CODE_SIGN_STYLE = Automatic;
				DEVELOPMENT_TEAM = "";
				INFOPLIST_FILE = iOSAddEventExample/Info.plist;
				LD_RUNPATH_SEARCH_PATHS = (
					"$(inherited)",
					"@executable_path/Frameworks",
				);
				PRODUCT_BUNDLE_IDENTIFIER = com.iOSAddEventExample.infotech;
				PRODUCT_NAME = "$(TARGET_NAME)";
				PROVISIONING_PROFILE_SPECIFIER = "";
				SWIFT_VERSION = 4.2;
				TARGETED_DEVICE_FAMILY = "1,2";
			};
			name = Release;
		};
/* End XCBuildConfiguration section */

/* Begin XCConfigurationList section */
		13C9500A231D650700EF17C8 /* Build configuration list for PBXProject "iOSAddEventExample" */ = {
			isa = XCConfigurationList;
			buildConfigurations = (
				13C9501F231D650B00EF17C8 /* Debug */,
				13C95020231D650B00EF17C8 /* Release */,
			);
			defaultConfigurationIsVisible = 0;
			defaultConfigurationName = Release;
		};
		13C95021231D650B00EF17C8 /* Build configuration list for PBXNativeTarget "iOSAddEventExample" */ = {
			isa = XCConfigurationList;
			buildConfigurations = (
				13C95022231D650B00EF17C8 /* Debug */,
				13C95023231D650B00EF17C8 /* Release */,
			);
			defaultConfigurationIsVisible = 0;
			defaultConfigurationName = Release;
		};
/* End XCConfigurationList section */
	};
	rootObject = 13C95007231D650700EF17C8 /* Project object */;
}
